
Microsoft Visual Studio Solution File, Format Version 12.00
# Visual Studio 2013
VisualStudioVersion = 12.0.30110.0
MinimumVisualStudioVersion = 10.0.40219.1
Project("{FAE04EC0-301F-11D3-BF4B-00C04F79EFBC}") = "GameOfSumPhone", "GameOfSumPhone\GameOfSumPhone.csproj", "{44D5B0AC-B9B2-4E25-8C84-986D3BBF25CA}"
EndProject
Global
	GlobalSection(SolutionConfigurationPlatforms) = preSolution
		Debug|Any CPU = Debug|Any CPU
		Debug|ARM = Debug|ARM
		Debug|x86 = Debug|x86
		Release|Any CPU = Release|Any CPU
		Release|ARM = Release|ARM
		Release|x86 = Release|x86
	EndGlobalSection
	GlobalSection(ProjectConfigurationPlatforms) = postSolution
		{44D5B0AC-B9B2-4E25-8C84-986D3BBF25CA}.Debug|Any CPU.ActiveCfg = Debug|Any CPU
		{44D5B0AC-B9B2-4E25-8C84-986D3BBF25CA}.Debug|Any CPU.Build.0 = Debug|Any CPU
		{44D5B0AC-B9B2-4E25-8C84-986D3BBF25CA}.Debug|Any CPU.Deploy.0 = Debug|Any CPU
		{44D5B0AC-B9B2-4E25-8C84-986D3BBF25CA}.Debug|ARM.ActiveCfg = Debug|ARM
		{44D5B0AC-B9B2-4E25-8C84-986D3BBF25CA}.Debug|ARM.Build.0 = Debug|ARM
		{44D5B0AC-B9B2-4E25-8C84-986D3BBF25CA}.Debug|ARM.Deploy.0 = Debug|ARM
		{44D5B0AC-B9B2-4E25-8C84-986D3BBF25CA}.Debug|x86.ActiveCfg = Debug|x86
		{44D5B0AC-B9B2-4E25-8C84-986D3BBF25CA}.Debug|x86.Build.0 = Debug|x86
		{44D5B0AC-B9B2-4E25-8C84-986D3BBF25CA}.Debug|x86.Deploy.0 = Debug|x86
		{44D5B0AC-B9B2-4E25-8C84-986D3BBF25CA}.Release|Any CPU.ActiveCfg = Release|Any CPU
		{44D5B0AC-B9B2-4E25-8C84-986D3BBF25CA}.Release|Any CPU.Build.0 = Release|Any CPU
		{44D5B0AC-B9B2-4E25-8C84-986D3BBF25CA}.Release|Any CPU.Deploy.0 = Release|Any CPU
		{44D5B0AC-B9B2-4E25-8C84-986D3BBF25CA}.Release|ARM.ActiveCfg = Release|ARM
		{44D5B0AC-B9B2-4E25-8C84-986D3BBF25CA}.Release|ARM.Build.0 = Release|ARM
		{44D5B0AC-B9B2-4E25-8C84-986D3BBF25CA}.Release|ARM.Deploy.0 = Release|ARM
		{44D5B0AC-B9B2-4E25-8C84-986D3BBF25CA}.Release|x86.ActiveCfg = Release|x86
		{44D5B0AC-B9B2-4E25-8C84-986D3BBF25CA}.Release|x86.Build.0 = Release|x86
		{44D5B0AC-B9B2-4E25-8C84-986D3BBF25CA}.Release|x86.Deploy.0 = Release|x86
	EndGlobalSection
	GlobalSection(SolutionProperties) = preSolution
		HideSolutionNode = FALSE
	EndGlobalSection
EndGlobal
